
Microsoft Visual Studio Solution File, Format Version 12.00
# Visual Studio 15
VisualStudioVersion = 15.0.27703.2000
MinimumVisualStudioVersion = 10.0.40219.1
Project("{FAE04EC0-301F-11D3-BF4B-00C04F79EFBC}") = "ValorantResFix", "ValorantResFix\ValorantResFix.csproj", "{DA3E2100-01D6-4104-B5B1-E777FE69D051}"
EndProject
Global
	GlobalSection(SolutionConfigurationPlatforms) = preSolution
		Debug|Any CPU = Debug|Any CPU
		Release|Any CPU = Release|Any CPU
	EndGlobalSection
	GlobalSection(ProjectConfigurationPlatforms) = postSolution
		{DA3E2100-01D6-4104-B5B1-E777FE69D051}.Debug|Any CPU.ActiveCfg = Debug|Any CPU
		{DA3E2100-01D6-4104-B5B1-E777FE69D051}.Debug|Any CPU.Build.0 = Debug|Any CPU
		{DA3E2100-01D6-4104-B5B1-E777FE69D051}.Release|Any CPU.ActiveCfg = Release|Any CPU
		{DA3E2100-01D6-4104-B5B1-E777FE69D051}.Release|Any CPU.Build.0 = Release|Any CPU
	EndGlobalSection
	GlobalSection(SolutionProperties) = preSolution
		HideSolutionNode = FALSE
	EndGlobalSection
	GlobalSection(ExtensibilityGlobals) = postSolution
		SolutionGuid = {06C1C3CB-A411-4AA4-838E-2B5A03411085}
	EndGlobalSection
EndGlobal
